{
  "lockfileVersion": 1,
  "workspaces": {
    "": {
      "devDependencies": {
        "@types/d3-force": "^3.0.10",
      },
    },
  },
  "packages": {
    "@types/d3-force": ["@types/d3-force@3.0.10", "", {}, "sha512-ZYeSaCF3p73RdOKcjj+swRlZfnYpK1EbaDiYICEEp5Q6sUiqFaFQ9qgoshp5CzIyyb/yD09kD9o2zEltCexlgw=="],
  }
}
